
Microsoft Visual Studio Solution File, Format Version 12.00
# Visual Studio Version 16
VisualStudioVersion = 16.0.28803.352
MinimumVisualStudioVersion = 10.0.40219.1
Project("{FAE04EC0-301F-11D3-BF4B-00C04F79EFBC}") = "WebApplication1", "WebApplication1\WebApplication1.csproj", "{4EC21716-D291-4898-9544-8D9166DC4048}"
EndProject
Global
	GlobalSection(SolutionConfigurationPlatforms) = preSolution
		Debug|Any CPU = Debug|Any CPU
		Release|Any CPU = Release|Any CPU
	EndGlobalSection
	GlobalSection(ProjectConfigurationPlatforms) = postSolution
		{4EC21716-D291-4898-9544-8D9166DC4048}.Debug|Any CPU.ActiveCfg = Debug|Any CPU
		{4EC21716-D291-4898-9544-8D9166DC4048}.Debug|Any CPU.Build.0 = Debug|Any CPU
		{4EC21716-D291-4898-9544-8D9166DC4048}.Release|Any CPU.ActiveCfg = Release|Any CPU
		{4EC21716-D291-4898-9544-8D9166DC4048}.Release|Any CPU.Build.0 = Release|Any CPU
	EndGlobalSection
	GlobalSection(SolutionProperties) = preSolution
		HideSolutionNode = FALSE
	EndGlobalSection
	GlobalSection(ExtensibilityGlobals) = postSolution
		SolutionGuid = {B3FE6EDA-F3D7-4723-9B15-8C7B82BFB1DC}
	EndGlobalSection
EndGlobal
